# THIS IS AN AUTOGENERATED FILE. DO NOT EDIT THIS FILE DIRECTLY.
# yarn lockfile v1


"@babel/generator@8.0.0-rc.1":
  version "8.0.0-rc.1"
  resolved "https://registry.yarnpkg.com/@babel/generator/-/generator-8.0.0-rc.1.tgz#f6a3ab8e4f530482059cbd0960d1a38359acec73"
  integrity sha512-3ypWOOiC4AYHKr8vYRVtWtWmyvcoItHtVqF8paFax+ydpmUdPsJpLBkBBs5ItmhdrwC3a0ZSqqFAdzls4ODP3w==
  dependencies:
    "@babel/parser" "^8.0.0-rc.1"
    "@babel/types" "^8.0.0-rc.1"
    "@jridgewell/gen-mapping" "^0.3.12"
    "@jridgewell/trace-mapping" "^0.3.28"
    "@types/jsesc" "^2.5.0"
    jsesc "^3.0.2"

"@babel/helper-string-parser@^8.0.0-rc.1":
  version "8.0.0-rc.1"
  resolved "https://registry.yarnpkg.com/@babel/helper-string-parser/-/helper-string-parser-8.0.0-rc.1.tgz#82652abd70242fa5626d55fdccdf203074557c3f"
  integrity sha512-vi/pfmbrOtQmqgfboaBhaCU50G7mcySVu69VU8z+lYoPPB6WzI9VgV7WQfL908M4oeSH5fDkmoupIqoE0SdApw==

"@babel/helper-validator-identifier@8.0.0-rc.1", "@babel/helper-validator-identifier@^8.0.0-rc.1":
  version "8.0.0-rc.1"
  resolved "https://registry.yarnpkg.com/@babel/helper-validator-identifier/-/helper-validator-identifier-8.0.0-rc.1.tgz#b63a81b8098c077369a6b0754b2b75d6f37ff403"
  integrity sha512-I4YnARytXC2RzkLNVnf5qFNFMzp679qZpmtw/V3Jt2uGnWiIxyJtaukjG7R8pSx8nG2NamICpGfljQsogj+FbQ==

"@babel/parser@8.0.0-rc.1", "@babel/parser@^8.0.0-beta.4", "@babel/parser@^8.0.0-rc.1":
  version "8.0.0-rc.1"
  resolved "https://registry.yarnpkg.com/@babel/parser/-/parser-8.0.0-rc.1.tgz#067c9d09b389a23c71195f26f244324220b46cf5"
  integrity sha512-6HyyU5l1yK/7h9Ki52i5h6mDAx4qJdiLQO4FdCyJNoB/gy3T3GGJdhQzzbZgvgZCugYBvwtQiWRt94QKedHnkA==
  dependencies:
    "@babel/types" "^8.0.0-rc.1"

"@babel/types@8.0.0-rc.1", "@babel/types@^8.0.0-rc.1":
  version "8.0.0-rc.1"
  resolved "https://registry.yarnpkg.com/@babel/types/-/types-8.0.0-rc.1.tgz#b489fa088fbcd1b0a144165ead2676832fd31e6e"
  integrity sha512-ubmJ6TShyaD69VE9DQrlXcdkvJbmwWPB8qYj0H2kaJi29O7vJT9ajSdBd2W8CG34pwL9pYA74fi7RHC1qbLoVQ==
  dependencies:
    "@babel/helper-string-parser" "^8.0.0-rc.1"
    "@babel/helper-validator-identifier" "^8.0.0-rc.1"

"@emnapi/core@^1.7.1":
  version "1.8.1"
  resolved "https://registry.yarnpkg.com/@emnapi/core/-/core-1.8.1.tgz#fd9efe721a616288345ffee17a1f26ac5dd01349"
  integrity sha512-AvT9QFpxK0Zd8J0jopedNm+w/2fIzvtPKPjqyw9jwvBaReTTqPBk9Hixaz7KbjimP+QNz605/XnjFcDAL2pqBg==
  dependencies:
    "@emnapi/wasi-threads" "1.1.0"
    tslib "^2.4.0"

"@emnapi/runtime@^1.7.1":
  version "1.8.1"
  resolved "https://registry.yarnpkg.com/@emnapi/runtime/-/runtime-1.8.1.tgz#550fa7e3c0d49c5fb175a116e8cd70614f9a22a5"
  integrity sha512-mehfKSMWjjNol8659Z8KxEMrdSJDDot5SXMq00dM8BN4o+CLNXQ0xH2V7EchNHV4RmbZLmmPdEaXZc5H2FXmDg==
  dependencies:
    tslib "^2.4.0"

"@emnapi/wasi-threads@1.1.0":
  version "1.1.0"
  resolved "https://registry.yarnpkg.com/@emnapi/wasi-threads/-/wasi-threads-1.1.0.tgz#60b2102fddc9ccb78607e4a3cf8403ea69be41bf"
  integrity sha512-WI0DdZ8xFSbgMjR1sFsKABJ/C5OnRrjT06JXbZKexJGrDuPTzZdDYfFlsgcCXCyf+suG5QU2e/y1Wo2V/OapLQ==
  dependencies:
    tslib "^2.4.0"

"@esbuild/aix-ppc64@0.27.3":
  version "0.27.3"
  resolved "https://registry.yarnpkg.com/@esbuild/aix-ppc64/-/aix-ppc64-0.27.3.tgz#815b39267f9bffd3407ea6c376ac32946e24f8d2"
  integrity sha512-9fJMTNFTWZMh5qwrBItuziu834eOCUcEqymSH7pY+zoMVEZg3gcPuBNxH1EvfVYe9h0x/Ptw8KBzv7qxb7l8dg==

"@esbuild/android-arm64@0.27.3":
  version "0.27.3"
  resolved "https://registry.yarnpkg.com/@esbuild/android-arm64/-/android-arm64-0.27.3.tgz#19b882408829ad8e12b10aff2840711b2da361e8"
  integrity sha512-YdghPYUmj/FX2SYKJ0OZxf+iaKgMsKHVPF1MAq/P8WirnSpCStzKJFjOjzsW0QQ7oIAiccHdcqjbHmJxRb/dmg==

"@esbuild/android-arm@0.27.3":
  version "0.27.3"
  resolved "https://registry.yarnpkg.com/@esbuild/android-arm/-/android-arm-0.27.3.tgz#90be58de27915efa27b767fcbdb37a4470627d7b"
  integrity sha512-i5D1hPY7GIQmXlXhs2w8AWHhenb00+GxjxRncS2ZM7YNVGNfaMxgzSGuO8o8SJzRc/oZwU2bcScvVERk03QhzA==

"@esbuild/android-x64@0.27.3":
  version "0.27.3"
  resolved "https://registry.yarnpkg.com/@esbuild/android-x64/-/android-x64-0.27.3.tgz#d7dcc976f16e01a9aaa2f9b938fbec7389f895ac"
  integrity sha512-IN/0BNTkHtk8lkOM8JWAYFg4ORxBkZQf9zXiEOfERX/CzxW3Vg1ewAhU7QSWQpVIzTW+b8Xy+lGzdYXV6UZObQ==

"@esbuild/darwin-arm64@0.27.3":
  version "0.27.3"
  resolved "https://registry.yarnpkg.com/@esbuild/darwin-arm64/-/darwin-arm64-0.27.3.tgz#9f6cac72b3a8532298a6a4493ed639a8988e8abd"
  integrity sha512-Re491k7ByTVRy0t3EKWajdLIr0gz2kKKfzafkth4Q8A5n1xTHrkqZgLLjFEHVD+AXdUGgQMq+Godfq45mGpCKg==

"@esbuild/darwin-x64@0.27.3":
  version "0.27.3"
  resolved "https://registry.yarnpkg.com/@esbuild/darwin-x64/-/darwin-x64-0.27.3.tgz#ac61d645faa37fd650340f1866b0812e1fb14d6a"
  integrity sha512-vHk/hA7/1AckjGzRqi6wbo+jaShzRowYip6rt6q7VYEDX4LEy1pZfDpdxCBnGtl+A5zq8iXDcyuxwtv3hNtHFg==

"@esbuild/freebsd-arm64@0.27.3":
  version "0.27.3"
  resolved "https://registry.yarnpkg.com/@esbuild/freebsd-arm64/-/freebsd-arm64-0.27.3.tgz#b8625689d73cf1830fe58c39051acdc12474ea1b"
  integrity sha512-ipTYM2fjt3kQAYOvo6vcxJx3nBYAzPjgTCk7QEgZG8AUO3ydUhvelmhrbOheMnGOlaSFUoHXB6un+A7q4ygY9w==

"@esbuild/freebsd-x64@0.27.3":
  version "0.27.3"
  resolved "https://registry.yarnpkg.com/@esbuild/freebsd-x64/-/freebsd-x64-0.27.3.tgz#07be7dd3c9d42fe0eccd2ab9f9ded780bc53bead"
  integrity sha512-dDk0X87T7mI6U3K9VjWtHOXqwAMJBNN2r7bejDsc+j03SEjtD9HrOl8gVFByeM0aJksoUuUVU9TBaZa2rgj0oA==

"@esbuild/linux-arm64@0.27.3":
  version "0.27.3"
  resolved "https://registry.yarnpkg.com/@esbuild/linux-arm64/-/linux-arm64-0.27.3.tgz#bf31918fe5c798586460d2b3d6c46ed2c01ca0b6"
  integrity sha512-sZOuFz/xWnZ4KH3YfFrKCf1WyPZHakVzTiqji3WDc0BCl2kBwiJLCXpzLzUBLgmp4veFZdvN5ChW4Eq/8Fc2Fg==

"@esbuild/linux-arm@0.27.3":
  version "0.27.3"
  resolved "https://registry.yarnpkg.com/@esbuild/linux-arm/-/linux-arm-0.27.3.tgz#28493ee46abec1dc3f500223cd9f8d2df08f9d11"
  integrity sha512-s6nPv2QkSupJwLYyfS+gwdirm0ukyTFNl3KTgZEAiJDd+iHZcbTPPcWCcRYH+WlNbwChgH2QkE9NSlNrMT8Gfw==

"@esbuild/linux-ia32@0.27.3":
  version "0.27.3"
  resolved "https://registry.yarnpkg.com/@esbuild/linux-ia32/-/linux-ia32-0.27.3.tgz#750752a8b30b43647402561eea764d0a41d0ee29"
  integrity sha512-yGlQYjdxtLdh0a3jHjuwOrxQjOZYD/C9PfdbgJJF3TIZWnm/tMd/RcNiLngiu4iwcBAOezdnSLAwQDPqTmtTYg==

"@esbuild/linux-loong64@0.27.3":
  version "0.27.3"
  resolved "https://registry.yarnpkg.com/@esbuild/linux-loong64/-/linux-loong64-0.27.3.tgz#a5a92813a04e71198c50f05adfaf18fc1e95b9ed"
  integrity sha512-WO60Sn8ly3gtzhyjATDgieJNet/KqsDlX5nRC5Y3oTFcS1l0KWba+SEa9Ja1GfDqSF1z6hif/SkpQJbL63cgOA==

"@esbuild/linux-mips64el@0.27.3":
  version "0.27.3"
  resolved "https://registry.yarnpkg.com/@esbuild/linux-mips64el/-/linux-mips64el-0.27.3.tgz#deb45d7fd2d2161eadf1fbc593637ed766d50bb1"
  integrity sha512-APsymYA6sGcZ4pD6k+UxbDjOFSvPWyZhjaiPyl/f79xKxwTnrn5QUnXR5prvetuaSMsb4jgeHewIDCIWljrSxw==

"@esbuild/linux-ppc64@0.27.3":
  version "0.27.3"
  resolved "https://registry.yarnpkg.com/@esbuild/linux-ppc64/-/linux-ppc64-0.27.3.tgz#6f39ae0b8c4d3d2d61a65b26df79f6e12a1c3d78"
  integrity sha512-eizBnTeBefojtDb9nSh4vvVQ3V9Qf9Df01PfawPcRzJH4gFSgrObw+LveUyDoKU3kxi5+9RJTCWlj4FjYXVPEA==

"@esbuild/linux-riscv64@0.27.3":
  version "0.27.3"
  resolved "https://registry.yarnpkg.com/@esbuild/linux-riscv64/-/linux-riscv64-0.27.3.tgz#4c5c19c3916612ec8e3915187030b9df0b955c1d"
  integrity sha512-3Emwh0r5wmfm3ssTWRQSyVhbOHvqegUDRd0WhmXKX2mkHJe1SFCMJhagUleMq+Uci34wLSipf8Lagt4LlpRFWQ==

"@esbuild/linux-s390x@0.27.3":
  version "0.27.3"
  resolved "https://registry.yarnpkg.com/@esbuild/linux-s390x/-/linux-s390x-0.27.3.tgz#9ed17b3198fa08ad5ccaa9e74f6c0aff7ad0156d"
  integrity sha512-pBHUx9LzXWBc7MFIEEL0yD/ZVtNgLytvx60gES28GcWMqil8ElCYR4kvbV2BDqsHOvVDRrOxGySBM9Fcv744hw==

"@esbuild/linux-x64@0.27.3":
  version "0.27.3"
  resolved "https://registry.yarnpkg.com/@esbuild/linux-x64/-/linux-x64-0.27.3.tgz#12383dcbf71b7cf6513e58b4b08d95a710bf52a5"
  integrity sha512-Czi8yzXUWIQYAtL/2y6vogER8pvcsOsk5cpwL4Gk5nJqH5UZiVByIY8Eorm5R13gq+DQKYg0+JyQoytLQas4dA==

"@esbuild/netbsd-arm64@0.27.3":
  version "0.27.3"
  resolved "https://registry.yarnpkg.com/@esbuild/netbsd-arm64/-/netbsd-arm64-0.27.3.tgz#dd0cb2fa543205fcd931df44f4786bfcce6df7d7"
  integrity sha512-sDpk0RgmTCR/5HguIZa9n9u+HVKf40fbEUt+iTzSnCaGvY9kFP0YKBWZtJaraonFnqef5SlJ8/TiPAxzyS+UoA==

"@esbuild/netbsd-x64@0.27.3":
  version "0.27.3"
  resolved "https://registry.yarnpkg.com/@esbuild/netbsd-x64/-/netbsd-x64-0.27.3.tgz#028ad1807a8e03e155153b2d025b506c3787354b"
  integrity sha512-P14lFKJl/DdaE00LItAukUdZO5iqNH7+PjoBm+fLQjtxfcfFE20Xf5CrLsmZdq5LFFZzb5JMZ9grUwvtVYzjiA==

"@esbuild/openbsd-arm64@0.27.3":
  version "0.27.3"
  resolved "https://registry.yarnpkg.com/@esbuild/openbsd-arm64/-/openbsd-arm64-0.27.3.tgz#e3c16ff3490c9b59b969fffca87f350ffc0e2af5"
  integrity sha512-AIcMP77AvirGbRl/UZFTq5hjXK+2wC7qFRGoHSDrZ5v5b8DK/GYpXW3CPRL53NkvDqb9D+alBiC/dV0Fb7eJcw==

"@esbuild/openbsd-x64@0.27.3":
  version "0.27.3"
  resolved "https://registry.yarnpkg.com/@esbuild/openbsd-x64/-/openbsd-x64-0.27.3.tgz#c5a4693fcb03d1cbecbf8b422422468dfc0d2a8b"
  integrity sha512-DnW2sRrBzA+YnE70LKqnM3P+z8vehfJWHXECbwBmH/CU51z6FiqTQTHFenPlHmo3a8UgpLyH3PT+87OViOh1AQ==

"@esbuild/openharmony-arm64@0.27.3":
  version "0.27.3"
  resolved "https://registry.yarnpkg.com/@esbuild/openharmony-arm64/-/openharmony-arm64-0.27.3.tgz#082082444f12db564a0775a41e1991c0e125055e"
  integrity sha512-NinAEgr/etERPTsZJ7aEZQvvg/A6IsZG/LgZy+81wON2huV7SrK3e63dU0XhyZP4RKGyTm7aOgmQk0bGp0fy2g==

"@esbuild/sunos-x64@0.27.3":
  version "0.27.3"
  resolved "https://registry.yarnpkg.com/@esbuild/sunos-x64/-/sunos-x64-0.27.3.tgz#5ab036c53f929e8405c4e96e865a424160a1b537"
  integrity sha512-PanZ+nEz+eWoBJ8/f8HKxTTD172SKwdXebZ0ndd953gt1HRBbhMsaNqjTyYLGLPdoWHy4zLU7bDVJztF5f3BHA==

"@esbuild/win32-arm64@0.27.3":
  version "0.27.3"
  resolved "https://registry.yarnpkg.com/@esbuild/win32-arm64/-/win32-arm64-0.27.3.tgz#38de700ef4b960a0045370c171794526e589862e"
  integrity sha512-B2t59lWWYrbRDw/tjiWOuzSsFh1Y/E95ofKz7rIVYSQkUYBjfSgf6oeYPNWHToFRr2zx52JKApIcAS/D5TUBnA==

"@esbuild/win32-ia32@0.27.3":
  version "0.27.3"
  resolved "https://registry.yarnpkg.com/@esbuild/win32-ia32/-/win32-ia32-0.27.3.tgz#451b93dc03ec5d4f38619e6cd64d9f9eff06f55c"
  integrity sha512-QLKSFeXNS8+tHW7tZpMtjlNb7HKau0QDpwm49u0vUp9y1WOF+PEzkU84y9GqYaAVW8aH8f3GcBck26jh54cX4Q==

"@esbuild/win32-x64@0.27.3":
  version "0.27.3"
  resolved "https://registry.yarnpkg.com/@esbuild/win32-x64/-/win32-x64-0.27.3.tgz#0eaf705c941a218a43dba8e09f1df1d6cd2f1f17"
  integrity sha512-4uJGhsxuptu3OcpVAzli+/gWusVGwZZHTlS63hh++ehExkVT8SgiEf7/uC/PclrPPkLhZqGgCTjd0VWLo6xMqA==

"@figliolia/event-emitter@^1.2.0":
  version "1.2.0"
  resolved "https://registry.yarnpkg.com/@figliolia/event-emitter/-/event-emitter-1.2.0.tgz#21184d19ac1819affbc057dae5e4442bdd8cc821"
  integrity sha512-cEuKUJx8cG5ED7p4xGm5x/OUjZUAcz28P8syO5tnvoiRnd33RkMvsz249YBX97vQGTPYLIi18A1ZeUwyr4ITbw==

"@jridgewell/gen-mapping@^0.3.12":
  version "0.3.13"
  resolved "https://registry.yarnpkg.com/@jridgewell/gen-mapping/-/gen-mapping-0.3.13.tgz#6342a19f44347518c93e43b1ac69deb3c4656a1f"
  integrity sha512-2kkt/7niJ6MgEPxF0bYdQ6etZaA+fQvDcLKckhy1yIQOzaoKjBBjSj63/aLVjYE3qhRt5dvM+uUyfCg6UKCBbA==
  dependencies:
    "@jridgewell/sourcemap-codec" "^1.5.0"
    "@jridgewell/trace-mapping" "^0.3.24"

"@jridgewell/resolve-uri@^3.1.0":
  version "3.1.2"
  resolved "https://registry.yarnpkg.com/@jridgewell/resolve-uri/-/resolve-uri-3.1.2.tgz#7a0ee601f60f99a20c7c7c5ff0c80388c1189bd6"
  integrity sha512-bRISgCIjP20/tbWSPWMEi54QVPRZExkuD9lJL+UIxUKtwVJA8wW1Trb1jMs1RFXo1CBTNZ/5hpC9QvmKWdopKw==

"@jridgewell/sourcemap-codec@^1.4.14", "@jridgewell/sourcemap-codec@^1.5.0":
  version "1.5.5"
  resolved "https://registry.yarnpkg.com/@jridgewell/sourcemap-codec/-/sourcemap-codec-1.5.5.tgz#6912b00d2c631c0d15ce1a7ab57cd657f2a8f8ba"
  integrity sha512-cYQ9310grqxueWbl+WuIUIaiUaDcj7WOq5fVhEljNVgRfOUhY9fy2zTvfoqWsnebh8Sl70VScFbICvJnLKB0Og==

"@jridgewell/trace-mapping@^0.3.24", "@jridgewell/trace-mapping@^0.3.28":
  version "0.3.31"
  resolved "https://registry.yarnpkg.com/@jridgewell/trace-mapping/-/trace-mapping-0.3.31.tgz#db15d6781c931f3a251a3dac39501c98a6082fd0"
  integrity sha512-zzNR+SdQSDJzc8joaeP8QQoCQr8NuYx2dIIytl1QeBEZHJ9uW6hebsrYgbz8hJwUQao3TWCMtmfV8Nu1twOLAw==
  dependencies:
    "@jridgewell/resolve-uri" "^3.1.0"
    "@jridgewell/sourcemap-codec" "^1.4.14"

"@napi-rs/wasm-runtime@^1.1.1":
  version "1.1.1"
  resolved "https://registry.yarnpkg.com/@napi-rs/wasm-runtime/-/wasm-runtime-1.1.1.tgz#c3705ab549d176b8dc5172723d6156c3dc426af2"
  integrity sha512-p64ah1M1ld8xjWv3qbvFwHiFVWrq1yFvV4f7w+mzaqiR4IlSgkqhcRdHwsGgomwzBH51sRY4NEowLxnaBjcW/A==
  dependencies:
    "@emnapi/core" "^1.7.1"
    "@emnapi/runtime" "^1.7.1"
    "@tybys/wasm-util" "^0.10.1"

"@oxc-project/types@=0.112.0":
  version "0.112.0"
  resolved "https://registry.yarnpkg.com/@oxc-project/types/-/types-0.112.0.tgz#8f31ce1930fd6705230f05b52d4689ad6418e0fa"
  integrity sha512-m6RebKHIRsax2iCwVpYW2ErQwa4ywHJrE4sCK3/8JK8ZZAWOKXaRJFl/uP51gaVyyXlaS4+chU1nSCdzYf6QqQ==

"@oxfmt/binding-android-arm-eabi@0.32.0":
  version "0.32.0"
  resolved "https://registry.yarnpkg.com/@oxfmt/binding-android-arm-eabi/-/binding-android-arm-eabi-0.32.0.tgz#0602a4ccab87439d823eef37d4e07f12780fe74c"
  integrity sha512-DpVyuVzgLH6/MvuB/YD3vXO9CN/o9EdRpA0zXwe/tagP6yfVSFkFWkPqTROdqp0mlzLH5Yl+/m+hOrcM601EbA==

"@oxfmt/binding-android-arm64@0.32.0":
  version "0.32.0"
  resolved "https://registry.yarnpkg.com/@oxfmt/binding-android-arm64/-/binding-android-arm64-0.32.0.tgz#51bfce24d1d9488d79361e34aab3850c5d249828"
  integrity sha512-w1cmNXf9zs0vKLuNgyUF3hZ9VUAS1hBmQGndYJv1OmcVqStBtRTRNxSWkWM0TMkrA9UbvIvM9gfN+ib4Wy6lkQ==

"@oxfmt/binding-darwin-arm64@0.32.0":
  version "0.32.0"
  resolved "https://registry.yarnpkg.com/@oxfmt/binding-darwin-arm64/-/binding-darwin-arm64-0.32.0.tgz#cf9899320b63562784ddbe95898b9655b8a3ee54"
  integrity sha512-m6wQojz/hn94XdZugFPtdFbOvXbOSYEqPsR2gyLyID3BvcrC2QsJyT1o3gb4BZEGtZrG1NiKVGwDRLM0dHd2mg==

"@oxfmt/binding-darwin-x64@0.32.0":
  version "0.32.0"
  resolved "https://registry.yarnpkg.com/@oxfmt/binding-darwin-x64/-/binding-darwin-x64-0.32.0.tgz#c83ea6f2a3454592a08377fdab4f35f1aa3125f5"
  integrity sha512-hN966Uh6r3Erkg2MvRcrJWaB6QpBzP15rxWK/QtkUyD47eItJLsAQ2Hrm88zMIpFZ3COXZLuN3hqgSlUtvB0Xw==

"@oxfmt/binding-freebsd-x64@0.32.0":
  version "0.32.0"
  resolved "https://registry.yarnpkg.com/@oxfmt/binding-freebsd-x64/-/binding-freebsd-x64-0.32.0.tgz#e185b75b3cd577b939d07305703e5d51ff6ffd41"
  integrity sha512-g5UZPGt8tJj263OfSiDGdS54HPa0KgFfspLVAUivVSdoOgsk6DkwVS9nO16xQTDztzBPGxTvrby8WuufF0g86Q==

"@oxfmt/binding-linux-arm-gnueabihf@0.32.0":
  version "0.32.0"
  resolved "https://registry.yarnpkg.com/@oxfmt/binding-linux-arm-gnueabihf/-/binding-linux-arm-gnueabihf-0.32.0.tgz#3e3335d427fb8ec79bbcbdd56945cc80bc06649c"
  integrity sha512-F4ZY83/PVQo9ZJhtzoMqbmjqEyTVEZjbaw4x1RhzdfUhddB41ZB2Vrt4eZi7b4a4TP85gjPRHgQBeO0c1jbtaw==

"@oxfmt/binding-linux-arm-musleabihf@0.32.0":
  version "0.32.0"
  resolved "https://registry.yarnpkg.com/@oxfmt/binding-linux-arm-musleabihf/-/binding-linux-arm-musleabihf-0.32.0.tgz#36add5ff6b59c940356c0ec9988c2c1ea11a6a6a"
  integrity sha512-olR37eG16Lzdj9OBSvuoT5RxzgM5xfQEHm1OEjB3M7Wm4KWa5TDWIT13Aiy74GvAN77Hq1+kUKcGVJ/0ynf75g==

"@oxfmt/binding-linux-arm64-gnu@0.32.0":
  version "0.32.0"
  resolved "https://registry.yarnpkg.com/@oxfmt/binding-linux-arm64-gnu/-/binding-linux-arm64-gnu-0.32.0.tgz#d8c07a893ee731717cdd833ca533769819255693"
  integrity sha512-eZhk6AIjRCDeLoXYBhMW7qq/R1YyVi+tGnGfc3kp7AZQrMsFaWtP/bgdCJCTNXMpbMwymtVz0qhSQvR5w2sKcg==

"@oxfmt/binding-linux-arm64-musl@0.32.0":
  version "0.32.0"
  resolved "https://registry.yarnpkg.com/@oxfmt/binding-linux-arm64-musl/-/binding-linux-arm64-musl-0.32.0.tgz#1fd4fff7907c56400c81c41052ef5674f359289d"
  integrity sha512-UYiqO9MlipntFbdbUKOIo84vuyzrK4TVIs7Etat91WNMFSW54F6OnHq08xa5ZM+K9+cyYMgQPXvYCopuP+LyKw==

"@oxfmt/binding-linux-ppc64-gnu@0.32.0":
  version "0.32.0"
  resolved "https://registry.yarnpkg.com/@oxfmt/binding-linux-ppc64-gnu/-/binding-linux-ppc64-gnu-0.32.0.tgz#cb5a36873ab77848bbb140e7104108f79f9c52a3"
  integrity sha512-IDH/fxMv+HmKsMtsjEbXqhScCKDIYp38sgGEcn0QKeXMxrda67PPZA7HMfoUwEtFUG+jsO1XJxTrQsL+kQ90xQ==

"@oxfmt/binding-linux-riscv64-gnu@0.32.0":
  version "0.32.0"
  resolved "https://registry.yarnpkg.com/@oxfmt/binding-linux-riscv64-gnu/-/binding-linux-riscv64-gnu-0.32.0.tgz#999da45a089574dc5294caa3e6066846310c1dbd"
  integrity sha512-bQFGPDa0buYWJFeK2I7ah8wRZjrAgamaG2OAGv+Ua5UMYEnHxmHcv+r8lWUUrwP2oqQGvp1SB8JIVtBbYuAueQ==

"@oxfmt/binding-linux-riscv64-musl@0.32.0":
  version "0.32.0"
  resolved "https://registry.yarnpkg.com/@oxfmt/binding-linux-riscv64-musl/-/binding-linux-riscv64-musl-0.32.0.tgz#bae99e56d3b133157500937fa09c104bd3cd4060"
  integrity sha512-3vFp9DW1ItEKWltADzCFqG5N7rYFToT4ztlhg8wALoo2E2VhveLD88uAF4FF9AxD9NhgHDGmPCV+WZl/Qlj8cQ==

"@oxfmt/binding-linux-s390x-gnu@0.32.0":
  version "0.32.0"
  resolved "https://registry.yarnpkg.com/@oxfmt/binding-linux-s390x-gnu/-/binding-linux-s390x-gnu-0.32.0.tgz#f55fa22c3d0cf57f0075f64368fad9c2f135cdde"
  integrity sha512-Fub2y8S9ImuPzAzpbgkoz/EVTWFFBolxFZYCMRhRZc8cJZI2gl/NlZswqhvJd/U0Jopnwgm/OJ2x128vVzFFWA==

"@oxfmt/binding-linux-x64-gnu@0.32.0":
  version "0.32.0"
  resolved "https://registry.yarnpkg.com/@oxfmt/binding-linux-x64-gnu/-/binding-linux-x64-gnu-0.32.0.tgz#bee3319311b05d8c12c5f57d53268a2283bb2e8e"
  integrity sha512-XufwsnV3BF81zO2ofZvhT4FFaMmLTzZEZnC9HpFz/quPeg9C948+kbLlZnsfjmp+1dUxKMCpfmRMqOfF4AOLsA==

"@oxfmt/binding-linux-x64-musl@0.32.0":
  version "0.32.0"
  resolved "https://registry.yarnpkg.com/@oxfmt/binding-linux-x64-musl/-/binding-linux-x64-musl-0.32.0.tgz#1bc25dd853aa100573cba92bec3ec18089bc609d"
  integrity sha512-u2f9tC2qYfikKmA2uGpnEJgManwmk0ZXWs5BB4ga4KDu2JNLdA3i634DGHeMLK9wY9+iRf3t7IYpgN3OVFrvDw==

"@oxfmt/binding-openharmony-arm64@0.32.0":
  version "0.32.0"
  resolved "https://registry.yarnpkg.com/@oxfmt/binding-openharmony-arm64/-/binding-openharmony-arm64-0.32.0.tgz#192c37c05e4ae09f432e7940c8e8da55fd87ceee"
  integrity sha512-5ZXb1wrdbZ1YFXuNXNUCePLlmLDy4sUt4evvzD4Cgumbup5wJgS9PIe5BOaLywUg9f1wTH6lwltj3oT7dFpIGA==

"@oxfmt/binding-win32-arm64-msvc@0.32.0":
  version "0.32.0"
  resolved "https://registry.yarnpkg.com/@oxfmt/binding-win32-arm64-msvc/-/binding-win32-arm64-msvc-0.32.0.tgz#a3447577537b5784cf4574dd551b34543344372a"
  integrity sha512-IGSMm/Agq+IA0++aeAV/AGPfjcBdjrsajB5YpM3j7cMcwoYgUTi/k2YwAmsHH3ueZUE98pSM/Ise2J7HtyRjOA==

"@oxfmt/binding-win32-ia32-msvc@0.32.0":
  version "0.32.0"
  resolved "https://registry.yarnpkg.com/@oxfmt/binding-win32-ia32-msvc/-/binding-win32-ia32-msvc-0.32.0.tgz#4c73f57a24bdbbefd76409aecc982e5b9070b249"
  integrity sha512-H/9gsuqXmceWMsVoCPZhtJG2jLbnBeKr7xAXm2zuKpxLVF7/2n0eh7ocOLB6t+L1ARE76iORuUsRMnuGjj8FjQ==

"@oxfmt/binding-win32-x64-msvc@0.32.0":
  version "0.32.0"
  resolved "https://registry.yarnpkg.com/@oxfmt/binding-win32-x64-msvc/-/binding-win32-x64-msvc-0.32.0.tgz#9e22eebbb6f0be9e5a6dc8e2c96e491b01d7cdf1"
  integrity sha512-fF8VIOeligq+mA6KfKvWtFRXbf0EFy73TdR6ZnNejdJRM8VWN1e3QFhYgIwD7O8jBrQsd7EJbUpkAr/YlUOokg==

"@oxlint-tsgolint/darwin-arm64@0.12.1":
  version "0.12.1"
  resolved "https://registry.yarnpkg.com/@oxlint-tsgolint/darwin-arm64/-/darwin-arm64-0.12.1.tgz#0047885fd12fe7263610a9fe42eac28e3411ac78"
  integrity sha512-V5xXFGggPyzVySV9cgUi0NLCQJ/GBl4Whd96dadyiu5bmEKMclN1tFdJ870R69TonuTDG5IQLe3L95c53erYWQ==

"@oxlint-tsgolint/darwin-x64@0.12.1":
  version "0.12.1"
  resolved "https://registry.yarnpkg.com/@oxlint-tsgolint/darwin-x64/-/darwin-x64-0.12.1.tgz#e3b1ac335013bc9c26e1b7eb86ff4ce0e99ff88a"
  integrity sha512-UbgHnbf8Pd0/Ceo0yJfY4z5x0vnCVAeqXA/wlTom1oHSeNl1OXnW628k4o5B4MJrEwIkUR/4HMPvEV/XG7XIHA==

"@oxlint-tsgolint/linux-arm64@0.12.1":
  version "0.12.1"
  resolved "https://registry.yarnpkg.com/@oxlint-tsgolint/linux-arm64/-/linux-arm64-0.12.1.tgz#68da74c1551a0eb3306f1bafb1c15e1959d5e5e9"
  integrity sha512-OQj1qGnbPd4WYcaPuOvYvt+UahA1sNtr7owFlzYtNafycAs2umMOr89h6OAJyFfjdmCukIwT4DZJefKl96cxBA==

"@oxlint-tsgolint/linux-x64@0.12.1":
  version "0.12.1"
  resolved "https://registry.yarnpkg.com/@oxlint-tsgolint/linux-x64/-/linux-x64-0.12.1.tgz#e2d2e656ad95b0666a5c463e50a3e7b038e18b20"
  integrity sha512-NBl6yQeOT93/EyggOTn/QADJl1oPubMkm82SHFEHbQX+XCD3VhDEtjCPaja1crjGec8lbymq72mpNxumsBLARg==

"@oxlint-tsgolint/win32-arm64@0.12.1":
  version "0.12.1"
  resolved "https://registry.yarnpkg.com/@oxlint-tsgolint/win32-arm64/-/win32-arm64-0.12.1.tgz#d087894c00a0dcc9f72cc46d27fb1490019e992f"
  integrity sha512-MlChwWQ3xQjcWJI1KnxiTPicGblstfMOAnGfsRa30HMXtwb+gpnq/zWhKpOFx4VsYAXPofCTGQEM7HolK/k4uw==

"@oxlint-tsgolint/win32-x64@0.12.1":
  version "0.12.1"
  resolved "https://registry.yarnpkg.com/@oxlint-tsgolint/win32-x64/-/win32-x64-0.12.1.tgz#0e79229b305963290be902a539d9e7cbcbf5b86b"
  integrity sha512-1y1PywzZ5UBIb+GWvcHoaTZ4t0Ae5qGlgtpCKrynl9TfQ92JTHvD+04dceG4Ih/y0YH0ZNkdFFxKbMvt4kHr2w==

"@oxlint/darwin-arm64@1.43.0":
  version "1.43.0"
  resolved "https://registry.yarnpkg.com/@oxlint/darwin-arm64/-/darwin-arm64-1.43.0.tgz#81c4b5eddd0d2b9eb9c974cee9bfb723578b9af6"
  integrity sha512-C/GhObv/pQZg34NOzB6Mk8x0wc9AKj8fXzJF8ZRKTsBPyHusC6AZ6bba0QG0TUufw1KWuD0j++oebQfWeiFXNw==

"@oxlint/darwin-x64@1.43.0":
  version "1.43.0"
  resolved "https://registry.yarnpkg.com/@oxlint/darwin-x64/-/darwin-x64-1.43.0.tgz#f83e3f8e012183fa42fc45f77e6213845c0eec7b"
  integrity sha512-4NjfUtEEH8ewRQ2KlZGmm6DyrvypMdHwBnQT92vD0dLScNOQzr0V9O8Ua4IWXdeCNl/XMVhAV3h4/3YEYern5A==

"@oxlint/linux-arm64-gnu@1.43.0":
  version "1.43.0"
  resolved "https://registry.yarnpkg.com/@oxlint/linux-arm64-gnu/-/linux-arm64-gnu-1.43.0.tgz#76b50fdb5584e487a96fb7f5bb271f6f95d69602"
  integrity sha512-75tf1HvwdZ3ebk83yMbSB+moAEWK98mYqpXiaFAi6Zshie7r+Cx5PLXZFUEqkscenoZ+fcNXakHxfn94V6nf1g==

"@oxlint/linux-arm64-musl@1.43.0":
  version "1.43.0"
  resolved "https://registry.yarnpkg.com/@oxlint/linux-arm64-musl/-/linux-arm64-musl-1.43.0.tgz#4d7483a16d9d342194bbe94fff22bb4d117d00b3"
  integrity sha512-BHV4fb36T2p/7bpA9fiJ5ayt7oJbiYX10nklW5arYp4l9/9yG/FQC5J4G1evzbJ/YbipF9UH0vYBAm5xbqGrvw==

"@oxlint/linux-x64-gnu@1.43.0":
  version "1.43.0"
  resolved "https://registry.yarnpkg.com/@oxlint/linux-x64-gnu/-/linux-x64-gnu-1.43.0.tgz#f779e3c8143212af75e1e73af9f27aef7016e1ef"
  integrity sha512-1l3nvnzWWse1YHibzZ4HQXdF/ibfbKZhp9IguElni3bBqEyPEyurzZ0ikWynDxKGXqZa+UNXTFuU1NRVX1RJ3g==

"@oxlint/linux-x64-musl@1.43.0":
  version "1.43.0"
  resolved "https://registry.yarnpkg.com/@oxlint/linux-x64-musl/-/linux-x64-musl-1.43.0.tgz#e91c835c582dc2e3eef2801d471b15a73edf30bf"
  integrity sha512-+jNYgLGRFTJxJuaSOZJBwlYo5M0TWRw0+3y5MHOL4ArrIdHyCthg6r4RbVWrsR1qUfUE1VSSHQ2bfbC99RXqMg==

"@oxlint/win32-arm64@1.43.0":
  version "1.43.0"
  resolved "https://registry.yarnpkg.com/@oxlint/win32-arm64/-/win32-arm64-1.43.0.tgz#053ff19ca99ca7f38c7dc46c93f3a06ee43d15a6"
  integrity sha512-dvs1C/HCjCyGTURMagiHprsOvVTT3omDiSzi5Qw0D4QFJ1pEaNlfBhVnOUYgUfS6O7Mcmj4+G+sidRsQcWQ/kA==

"@oxlint/win32-x64@1.43.0":
  version "1.43.0"
  resolved "https://registry.yarnpkg.com/@oxlint/win32-x64/-/win32-x64-1.43.0.tgz#93bf69af948c85f54163a25c07b600626562f72b"
  integrity sha512-bSuItSU8mTSDsvmmLTepTdCL2FkJI6dwt9tot/k0EmiYF+ArRzmsl4lXVLssJNRV5lJEc5IViyTrh7oiwrjUqA==

"@quansync/fs@^1.0.0":
  version "1.0.0"
  resolved "https://registry.yarnpkg.com/@quansync/fs/-/fs-1.0.0.tgz#17131b1f1c261fcfb63893272c488df89c73f48f"
  integrity sha512-4TJ3DFtlf1L5LDMaM6CanJ/0lckGNtJcMjQ1NAV6zDmA0tEHKZtxNKin8EgPaVX1YzljbxckyT2tJrpQKAtngQ==
  dependencies:
    quansync "^1.0.0"

"@rolldown/binding-android-arm64@1.0.0-rc.3":
  version "1.0.0-rc.3"
  resolved "https://registry.yarnpkg.com/@rolldown/binding-android-arm64/-/binding-android-arm64-1.0.0-rc.3.tgz#223d0624c748ab2bcf20159e4baa17c6f03fe8a6"
  integrity sha512-0T1k9FinuBZ/t7rZ8jN6OpUKPnUjNdYHoj/cESWrQ3ZraAJ4OMm6z7QjSfCxqj8mOp9kTKc1zHK3kGz5vMu+nQ==

"@rolldown/binding-darwin-arm64@1.0.0-rc.3":
  version "1.0.0-rc.3"
  resolved "https://registry.yarnpkg.com/@rolldown/binding-darwin-arm64/-/binding-darwin-arm64-1.0.0-rc.3.tgz#d6b4989c8fbaf50ac18d7636ffbc249e4b24098b"
  integrity sha512-JWWLzvcmc/3pe7qdJqPpuPk91SoE/N+f3PcWx/6ZwuyDVyungAEJPvKm/eEldiDdwTmaEzWfIR+HORxYWrCi1A==

"@rolldown/binding-darwin-x64@1.0.0-rc.3":
  version "1.0.0-rc.3"
  resolved "https://registry.yarnpkg.com/@rolldown/binding-darwin-x64/-/binding-darwin-x64-1.0.0-rc.3.tgz#87b9a70011464362e349ee0190b454f8eb55b088"
  integrity sha512-MTakBxfx3tde5WSmbHxuqlDsIW0EzQym+PJYGF4P6lG2NmKzi128OGynoFUqoD5ryCySEY85dug4v+LWGBElIw==

"@rolldown/binding-freebsd-x64@1.0.0-rc.3":
  version "1.0.0-rc.3"
  resolved "https://registry.yarnpkg.com/@rolldown/binding-freebsd-x64/-/binding-freebsd-x64-1.0.0-rc.3.tgz#0c71b40e1eb76def72509ec3a65c2ea47f37286f"
  integrity sha512-jje3oopyOLs7IwfvXoS6Lxnmie5JJO7vW29fdGFu5YGY1EDbVDhD+P9vDihqS5X6fFiqL3ZQZCMBg6jyHkSVww==

"@rolldown/binding-linux-arm-gnueabihf@1.0.0-rc.3":
  version "1.0.0-rc.3"
  resolved "https://registry.yarnpkg.com/@rolldown/binding-linux-arm-gnueabihf/-/binding-linux-arm-gnueabihf-1.0.0-rc.3.tgz#ec048c3a0c3a4a6ee4c519fb73fc83a1afd857c6"
  integrity sha512-A0n8P3hdLAaqzSFrQoA42p23ZKBYQOw+8EH5r15Sa9X1kD9/JXe0YT2gph2QTWvdr0CVK2BOXiK6ENfy6DXOag==

"@rolldown/binding-linux-arm64-gnu@1.0.0-rc.3":
  version "1.0.0-rc.3"
  resolved "https://registry.yarnpkg.com/@rolldown/binding-linux-arm64-gnu/-/binding-linux-arm64-gnu-1.0.0-rc.3.tgz#e9c3f993c5593fdabeddfa5467f36747557913df"
  integrity sha512-kWXkoxxarYISBJ4bLNf5vFkEbb4JvccOwxWDxuK9yee8lg5XA7OpvlTptfRuwEvYcOZf+7VS69Uenpmpyo5Bjw==

"@rolldown/binding-linux-arm64-musl@1.0.0-rc.3":
  version "1.0.0-rc.3"
  resolved "https://registry.yarnpkg.com/@rolldown/binding-linux-arm64-musl/-/binding-linux-arm64-musl-1.0.0-rc.3.tgz#e0a4f06034b5b8cf775963f299172a2f227cede7"
  integrity sha512-Z03/wrqau9Bicfgb3Dbs6SYTHliELk2PM2LpG2nFd+cGupTMF5kanLEcj2vuuJLLhptNyS61rtk7SOZ+lPsTUA==

"@rolldown/binding-linux-x64-gnu@1.0.0-rc.3":
  version "1.0.0-rc.3"
  resolved "https://registry.yarnpkg.com/@rolldown/binding-linux-x64-gnu/-/binding-linux-x64-gnu-1.0.0-rc.3.tgz#24cd1889bc0b7c4d20d6e45536d4970ba0c2955d"
  integrity sha512-iSXXZsQp08CSilff/DCTFZHSVEpEwdicV3W8idHyrByrcsRDVh9sGC3sev6d8BygSGj3vt8GvUKBPCoyMA4tgQ==

"@rolldown/binding-linux-x64-musl@1.0.0-rc.3":
  version "1.0.0-rc.3"
  resolved "https://registry.yarnpkg.com/@rolldown/binding-linux-x64-musl/-/binding-linux-x64-musl-1.0.0-rc.3.tgz#cd408e0119db37eabab27eb9e98abf2cc304c23d"
  integrity sha512-qaj+MFudtdCv9xZo9znFvkgoajLdc+vwf0Kz5N44g+LU5XMe+IsACgn3UG7uTRlCCvhMAGXm1XlpEA5bZBrOcw==

"@rolldown/binding-openharmony-arm64@1.0.0-rc.3":
  version "1.0.0-rc.3"
  resolved "https://registry.yarnpkg.com/@rolldown/binding-openharmony-arm64/-/binding-openharmony-arm64-1.0.0-rc.3.tgz#74732be57c8d33bb1306517e0f3560941aba400b"
  integrity sha512-U662UnMETyjT65gFmG9ma+XziENrs7BBnENi/27swZPYagubfHRirXHG2oMl+pEax2WvO7Kb9gHZmMakpYqBHQ==

"@rolldown/binding-wasm32-wasi@1.0.0-rc.3":
  version "1.0.0-rc.3"
  resolved "https://registry.yarnpkg.com/@rolldown/binding-wasm32-wasi/-/binding-wasm32-wasi-1.0.0-rc.3.tgz#9cda49168a2eae90966430a8bae35b0218d7b8e4"
  integrity sha512-gekrQ3Q2HiC1T5njGyuUJoGpK/l6B/TNXKed3fZXNf9YRTJn3L5MOZsFBn4bN2+UX+8+7hgdlTcEsexX988G4g==
  dependencies:
    "@napi-rs/wasm-runtime" "^1.1.1"

"@rolldown/binding-win32-arm64-msvc@1.0.0-rc.3":
  version "1.0.0-rc.3"
  resolved "https://registry.yarnpkg.com/@rolldown/binding-win32-arm64-msvc/-/binding-win32-arm64-msvc-1.0.0-rc.3.tgz#c10e3ade39fc50b0fba3b3be16da0c320f0bdfa0"
  integrity sha512-85y5JifyMgs8m5K2XzR/VDsapKbiFiohl7s5lEj7nmNGO0pkTXE7q6TQScei96BNAsoK7JC3pA7ukA8WRHVJpg==

"@rolldown/binding-win32-x64-msvc@1.0.0-rc.3":
  version "1.0.0-rc.3"
  resolved "https://registry.yarnpkg.com/@rolldown/binding-win32-x64-msvc/-/binding-win32-x64-msvc-1.0.0-rc.3.tgz#edc9e57a3981b3388542ac1385057bdc90ea4502"
  integrity sha512-a4VUQZH7LxGbUJ3qJ/TzQG8HxdHvf+jOnqf7B7oFx1TEBm+j2KNL2zr5SQ7wHkNAcaPevF6gf9tQnVBnC4mD+A==

"@rolldown/pluginutils@1.0.0-rc.3":
  version "1.0.0-rc.3"
  resolved "https://registry.yarnpkg.com/@rolldown/pluginutils/-/pluginutils-1.0.0-rc.3.tgz#8a88cc92a0f741befc7bc109cb1a4c6b9408e1c5"
  integrity sha512-eybk3TjzzzV97Dlj5c+XrBFW57eTNhzod66y9HrBlzJ6NsCrWCp/2kaPS3K9wJmurBC0Tdw4yPjXKZqlznim3Q==

"@tybys/wasm-util@^0.10.1":
  version "0.10.1"
  resolved "https://registry.yarnpkg.com/@tybys/wasm-util/-/wasm-util-0.10.1.tgz#ecddd3205cf1e2d5274649ff0eedd2991ed7f414"
  integrity sha512-9tTaPJLSiejZKx+Bmog4uSubteqTvFrVrURwkmHixBo0G4seD0zUxp98E1DzUBJxLQ3NPwXrGKDiVjwx/DpPsg==
  dependencies:
    tslib "^2.4.0"

"@types/estree@^1.0.0":
  version "1.0.8"
  resolved "https://registry.yarnpkg.com/@types/estree/-/estree-1.0.8.tgz#958b91c991b1867ced318bedea0e215ee050726e"
  integrity sha512-dWHzHa2WqEXI/O1E9OjrocMTKJl2mSrEolh1Iomrv6U+JuNwaHXsXx9bLu5gG7BUWFIN0skIQJQ/L1rIex4X6w==

"@types/jsesc@^2.5.0":
  version "2.5.1"
  resolved "https://registry.yarnpkg.com/@types/jsesc/-/jsesc-2.5.1.tgz#c34defc608ec94b68dc6a12a581b440942c6d503"
  integrity sha512-9VN+6yxLOPLOav+7PwjZbxiID2bVaeq0ED4qSQmdQTdjnXJSaCVKTR58t15oqH1H5t8Ng2ZX1SabJVoN9Q34bw==

"@types/node@^25.2.1":
  version "25.2.1"
  resolved "https://registry.yarnpkg.com/@types/node/-/node-25.2.1.tgz#378021f9e765bb65ba36de16f3c3a8622c1fa03d"
  integrity sha512-CPrnr8voK8vC6eEtyRzvMpgp3VyVRhgclonE7qYi6P9sXwYb59ucfrnmFBTaP0yUi8Gk4yZg/LlTJULGxvTNsg==
  dependencies:
    undici-types "~7.16.0"

ansis@^4.2.0:
  version "4.2.0"
  resolved "https://registry.yarnpkg.com/ansis/-/ansis-4.2.0.tgz#2e6e61c46b11726ac67f78785385618b9e658780"
  integrity sha512-HqZ5rWlFjGiV0tDm3UxxgNRqsOTniqoKZu0pIAfh7TZQMGuZK+hH0drySty0si0QXj1ieop4+SkSfPZBPPkHig==

ast-kit@^3.0.0-beta.1:
  version "3.0.0-beta.1"
  resolved "https://registry.yarnpkg.com/ast-kit/-/ast-kit-3.0.0-beta.1.tgz#01d376df5d532532d6300a45ec28c53f5f56fe08"
  integrity sha512-trmleAnZ2PxN/loHWVhhx1qeOHSRXq4TDsBBxq3GqeJitfk3+jTQ+v/C1km/KYq9M7wKqCewMh+/NAvVH7m+bw==
  dependencies:
    "@babel/parser" "^8.0.0-beta.4"
    estree-walker "^3.0.3"
    pathe "^2.0.3"

birpc@^4.0.0:
  version "4.0.0"
  resolved "https://registry.yarnpkg.com/birpc/-/birpc-4.0.0.tgz#cceef485926b93496735201896d86c3a182ad30f"
  integrity sha512-LShSxJP0KTmd101b6DRyGBj57LZxSDYWKitQNW/mi8GRMvZb078Uf9+pveax1DrVL89vm7mWe+TovdI/UDOuPw==

cac@^6.7.14:
  version "6.7.14"
  resolved "https://registry.yarnpkg.com/cac/-/cac-6.7.14.tgz#804e1e6f506ee363cb0e3ccbb09cad5dd9870959"
  integrity sha512-b6Ilus+c3RrdDk+JhLKUAQfzzgLEPy6wcXqS7f/xe1EETvsDP6GORG7SFuOs6cID5YkqchW/LXZbX5bc8j7ZcQ==

defu@^6.1.4:
  version "6.1.4"
  resolved "https://registry.yarnpkg.com/defu/-/defu-6.1.4.tgz#4e0c9cf9ff68fe5f3d7f2765cc1a012dfdcb0479"
  integrity sha512-mEQCMmwJu317oSz8CwdIOdwf3xMif1ttiM8LTufzc3g6kR+9Pe236twL8j3IYT1F7GfRgGcW6MWxzZjLIkuHIg==

dts-resolver@^2.1.3:
  version "2.1.3"
  resolved "https://registry.yarnpkg.com/dts-resolver/-/dts-resolver-2.1.3.tgz#b930b38fcb2f3dab3b55cb4ac73658c9a5fc0a41"
  integrity sha512-bihc7jPC90VrosXNzK0LTE2cuLP6jr0Ro8jk+kMugHReJVLIpHz/xadeq3MhuwyO4TD4OA3L1Q8pBBFRc08Tsw==

empathic@^2.0.0:
  version "2.0.0"
  resolved "https://registry.yarnpkg.com/empathic/-/empathic-2.0.0.tgz#71d3c2b94fad49532ef98a6c34be0386659f6131"
  integrity sha512-i6UzDscO/XfAcNYD75CfICkmfLedpyPDdozrLMmQc5ORaQcdMoc21OnlEylMIqI7U8eniKrPMxxtj8k0vhmJhA==

esbuild@~0.27.0:
  version "0.27.3"
  resolved "https://registry.yarnpkg.com/esbuild/-/esbuild-0.27.3.tgz#5859ca8e70a3af956b26895ce4954d7e73bd27a8"
  integrity sha512-8VwMnyGCONIs6cWue2IdpHxHnAjzxnw2Zr7MkVxB2vjmQ2ivqGFb4LEG3SMnv0Gb2F/G/2yA8zUaiL1gywDCCg==
  optionalDependencies:
    "@esbuild/aix-ppc64" "0.27.3"
    "@esbuild/android-arm" "0.27.3"
    "@esbuild/android-arm64" "0.27.3"
    "@esbuild/android-x64" "0.27.3"
    "@esbuild/darwin-arm64" "0.27.3"
    "@esbuild/darwin-x64" "0.27.3"
    "@esbuild/freebsd-arm64" "0.27.3"
    "@esbuild/freebsd-x64" "0.27.3"
    "@esbuild/linux-arm" "0.27.3"
    "@esbuild/linux-arm64" "0.27.3"
    "@esbuild/linux-ia32" "0.27.3"
    "@esbuild/linux-loong64" "0.27.3"
    "@esbuild/linux-mips64el" "0.27.3"
    "@esbuild/linux-ppc64" "0.27.3"
    "@esbuild/linux-riscv64" "0.27.3"
    "@esbuild/linux-s390x" "0.27.3"
    "@esbuild/linux-x64" "0.27.3"
    "@esbuild/netbsd-arm64" "0.27.3"
    "@esbuild/netbsd-x64" "0.27.3"
    "@esbuild/openbsd-arm64" "0.27.3"
    "@esbuild/openbsd-x64" "0.27.3"
    "@esbuild/openharmony-arm64" "0.27.3"
    "@esbuild/sunos-x64" "0.27.3"
    "@esbuild/win32-arm64" "0.27.3"
    "@esbuild/win32-ia32" "0.27.3"
    "@esbuild/win32-x64" "0.27.3"

estree-walker@^3.0.3:
  version "3.0.3"
  resolved "https://registry.yarnpkg.com/estree-walker/-/estree-walker-3.0.3.tgz#67c3e549ec402a487b4fc193d1953a524752340d"
  integrity sha512-7RUKfXgSMMkzt6ZuXmqapOurLGPPfgj6l9uRZ7lRGolvk0y2yocc35LdcxKC5PQZdn2DMqioAQ2NoWcrTKmm6g==
  dependencies:
    "@types/estree" "^1.0.0"

fdir@^6.5.0:
  version "6.5.0"
  resolved "https://registry.yarnpkg.com/fdir/-/fdir-6.5.0.tgz#ed2ab967a331ade62f18d077dae192684d50d350"
  integrity sha512-tIbYtZbucOs0BRGqPJkshJUYdL+SDH7dVM8gjy+ERp3WAUjLEFJE+02kanyHtwjWOnwrKYBiwAmM0p4kLJAnXg==

fsevents@~2.3.3:
  version "2.3.3"
  resolved "https://registry.yarnpkg.com/fsevents/-/fsevents-2.3.3.tgz#cac6407785d03675a2a5e1a5305c697b347d90d6"
  integrity sha512-5xoDfX+fL7faATnagmWPpbFtwh/R77WmMMqqHGS65C3vvB0YHrgF+B1YmZ3441tMj5n63k0212XNoJwzlhffQw==

get-tsconfig@^4.13.1, get-tsconfig@^4.7.5:
  version "4.13.6"
  resolved "https://registry.yarnpkg.com/get-tsconfig/-/get-tsconfig-4.13.6.tgz#2fbfda558a98a691a798f123afd95915badce876"
  integrity sha512-shZT/QMiSHc/YBLxxOkMtgSid5HFoauqCE3/exfsEcwg1WkeqjG+V40yBbBrsD+jW2HDXcs28xOfcbm2jI8Ddw==
  dependencies:
    resolve-pkg-maps "^1.0.0"

hookable@^6.0.1:
  version "6.0.1"
  resolved "https://registry.yarnpkg.com/hookable/-/hookable-6.0.1.tgz#be950f1b8ef38af24d4354657e9e3590d2a5b5e6"
  integrity sha512-uKGyY8BuzN/a5gvzvA+3FVWo0+wUjgtfSdnmjtrOVwQCZPHpHDH2WRO3VZSOeluYrHoDCiXFffZXs8Dj1ULWtw==

import-without-cache@^0.2.5:
  version "0.2.5"
  resolved "https://registry.yarnpkg.com/import-without-cache/-/import-without-cache-0.2.5.tgz#45f2699fa151716602ca67ebf94f3f0c50e92edc"
  integrity sha512-B6Lc2s6yApwnD2/pMzFh/d5AVjdsDXjgkeJ766FmFuJELIGHNycKRj+l3A39yZPM4CchqNCB4RITEAYB1KUM6A==

jsesc@^3.0.2:
  version "3.1.0"
  resolved "https://registry.yarnpkg.com/jsesc/-/jsesc-3.1.0.tgz#74d335a234f67ed19907fdadfac7ccf9d409825d"
  integrity sha512-/sM3dO2FOzXjKQhJuo0Q173wf2KOo8t4I8vHy6lF9poUp7bKT0/NHE8fPX23PwfhnykfqnC2xRxOnVw5XuGIaA==

obug@^2.1.1:
  version "2.1.1"
  resolved "https://registry.yarnpkg.com/obug/-/obug-2.1.1.tgz#2cba74ff241beb77d63055ddf4cd1e9f90b538be"
  integrity sha512-uTqF9MuPraAQ+IsnPf366RG4cP9RtUi7MLO1N3KEc+wb0a6yKpeL0lmk2IB1jY5KHPAlTc6T/JRdC/YqxHNwkQ==

oxfmt@^0.32.0:
  version "0.32.0"
  resolved "https://registry.yarnpkg.com/oxfmt/-/oxfmt-0.32.0.tgz#b6f28b29018724ae320414d5794b18e95a6abfaf"
  integrity sha512-KArQhGzt/Y8M1eSAX98Y8DLtGYYDQhkR55THUPY5VNcpFQ+9nRZkL3ULXhagHMD2hIvjy8JSeEQEP5/yYJSrLA==
  dependencies:
    tinypool "2.1.0"
  optionalDependencies:
    "@oxfmt/binding-android-arm-eabi" "0.32.0"
    "@oxfmt/binding-android-arm64" "0.32.0"
    "@oxfmt/binding-darwin-arm64" "0.32.0"
    "@oxfmt/binding-darwin-x64" "0.32.0"
    "@oxfmt/binding-freebsd-x64" "0.32.0"
    "@oxfmt/binding-linux-arm-gnueabihf" "0.32.0"
    "@oxfmt/binding-linux-arm-musleabihf" "0.32.0"
    "@oxfmt/binding-linux-arm64-gnu" "0.32.0"
    "@oxfmt/binding-linux-arm64-musl" "0.32.0"
    "@oxfmt/binding-linux-ppc64-gnu" "0.32.0"
    "@oxfmt/binding-linux-riscv64-gnu" "0.32.0"
    "@oxfmt/binding-linux-riscv64-musl" "0.32.0"
    "@oxfmt/binding-linux-s390x-gnu" "0.32.0"
    "@oxfmt/binding-linux-x64-gnu" "0.32.0"
    "@oxfmt/binding-linux-x64-musl" "0.32.0"
    "@oxfmt/binding-openharmony-arm64" "0.32.0"
    "@oxfmt/binding-win32-arm64-msvc" "0.32.0"
    "@oxfmt/binding-win32-ia32-msvc" "0.32.0"
    "@oxfmt/binding-win32-x64-msvc" "0.32.0"

oxlint-tsgolint@^0.12.1:
  version "0.12.1"
  resolved "https://registry.yarnpkg.com/oxlint-tsgolint/-/oxlint-tsgolint-0.12.1.tgz#e1775649116f59f122f00cfa13b8004961676923"
  integrity sha512-2Od1S2pA+VkfIlmvHmDwMfhfHyL0jR6JAkP4BkoAidUqYJS1cY2JoLd4uMWcG4mhCQrPYIcEz56VrQ9qUVcoXw==
  optionalDependencies:
    "@oxlint-tsgolint/darwin-arm64" "0.12.1"
    "@oxlint-tsgolint/darwin-x64" "0.12.1"
    "@oxlint-tsgolint/linux-arm64" "0.12.1"
    "@oxlint-tsgolint/linux-x64" "0.12.1"
    "@oxlint-tsgolint/win32-arm64" "0.12.1"
    "@oxlint-tsgolint/win32-x64" "0.12.1"

oxlint@^1.36.0:
  version "1.43.0"
  resolved "https://registry.yarnpkg.com/oxlint/-/oxlint-1.43.0.tgz#3fb066747248150efe22d6afaa5b57bd86392472"
  integrity sha512-xiqTCsKZch+R61DPCjyqUVP2MhkQlRRYxLRBeBDi+dtQJ90MOgdcjIktvDCgXz0bgtx94EQzHEndsizZjMX2OA==
  optionalDependencies:
    "@oxlint/darwin-arm64" "1.43.0"
    "@oxlint/darwin-x64" "1.43.0"
    "@oxlint/linux-arm64-gnu" "1.43.0"
    "@oxlint/linux-arm64-musl" "1.43.0"
    "@oxlint/linux-x64-gnu" "1.43.0"
    "@oxlint/linux-x64-musl" "1.43.0"
    "@oxlint/win32-arm64" "1.43.0"
    "@oxlint/win32-x64" "1.43.0"

pathe@^2.0.3:
  version "2.0.3"
  resolved "https://registry.yarnpkg.com/pathe/-/pathe-2.0.3.tgz#3ecbec55421685b70a9da872b2cff3e1cbed1716"
  integrity sha512-WUjGcAqP1gQacoQe+OBJsFA7Ld4DyXuUIjZ5cc75cLHvJ7dtNsTugphxIADwspS+AraAUePCKrSVtPLFj/F88w==

picomatch@^4.0.3:
  version "4.0.3"
  resolved "https://registry.yarnpkg.com/picomatch/-/picomatch-4.0.3.tgz#796c76136d1eead715db1e7bad785dedd695a042"
  integrity sha512-5gTmgEY/sqK6gFXLIsQNH19lWb4ebPDLA4SdLP7dsWkIXHWlG66oPuVvXSGFPppYZz8ZDZq0dYYrbHfBCVUb1Q==

quansync@^1.0.0:
  version "1.0.0"
  resolved "https://registry.yarnpkg.com/quansync/-/quansync-1.0.0.tgz#1c29acccd544cd68d97a7350c5099e0a9bc7e5ee"
  integrity sha512-5xZacEEufv3HSTPQuchrvV6soaiACMFnq1H8wkVioctoH3TRha9Sz66lOxRwPK/qZj7HPiSveih9yAyh98gvqA==

resolve-pkg-maps@^1.0.0:
  version "1.0.0"
  resolved "https://registry.yarnpkg.com/resolve-pkg-maps/-/resolve-pkg-maps-1.0.0.tgz#616b3dc2c57056b5588c31cdf4b3d64db133720f"
  integrity sha512-seS2Tj26TBVOC2NIc2rOe2y2ZO7efxITtLZcGSOnHHNOQ7CkiUBfw0Iw2ck6xkIhPwLhKNLS8BO+hEpngQlqzw==

rolldown-plugin-dts@^0.22.1:
  version "0.22.1"
  resolved "https://registry.yarnpkg.com/rolldown-plugin-dts/-/rolldown-plugin-dts-0.22.1.tgz#3e64684e32065d090340107b51f8c0332774d222"
  integrity sha512-5E0AiM5RSQhU6cjtkDFWH6laW4IrMu0j1Mo8x04Xo1ALHmaRMs9/7zej7P3RrryVHW/DdZAp85MA7Be55p0iUw==
  dependencies:
    "@babel/generator" "8.0.0-rc.1"
    "@babel/helper-validator-identifier" "8.0.0-rc.1"
    "@babel/parser" "8.0.0-rc.1"
    "@babel/types" "8.0.0-rc.1"
    ast-kit "^3.0.0-beta.1"
    birpc "^4.0.0"
    dts-resolver "^2.1.3"
    get-tsconfig "^4.13.1"
    obug "^2.1.1"

rolldown@1.0.0-rc.3:
  version "1.0.0-rc.3"
  resolved "https://registry.yarnpkg.com/rolldown/-/rolldown-1.0.0-rc.3.tgz#c4ef3049c7c726310bbeb35d4eab2468a1918079"
  integrity sha512-Po/YZECDOqVXjIXrtC5h++a5NLvKAQNrd9ggrIG3sbDfGO5BqTUsrI6l8zdniKRp3r5Tp/2JTrXqx4GIguFCMw==
  dependencies:
    "@oxc-project/types" "=0.112.0"
    "@rolldown/pluginutils" "1.0.0-rc.3"
  optionalDependencies:
    "@rolldown/binding-android-arm64" "1.0.0-rc.3"
    "@rolldown/binding-darwin-arm64" "1.0.0-rc.3"
    "@rolldown/binding-darwin-x64" "1.0.0-rc.3"
    "@rolldown/binding-freebsd-x64" "1.0.0-rc.3"
    "@rolldown/binding-linux-arm-gnueabihf" "1.0.0-rc.3"
    "@rolldown/binding-linux-arm64-gnu" "1.0.0-rc.3"
    "@rolldown/binding-linux-arm64-musl" "1.0.0-rc.3"
    "@rolldown/binding-linux-x64-gnu" "1.0.0-rc.3"
    "@rolldown/binding-linux-x64-musl" "1.0.0-rc.3"
    "@rolldown/binding-openharmony-arm64" "1.0.0-rc.3"
    "@rolldown/binding-wasm32-wasi" "1.0.0-rc.3"
    "@rolldown/binding-win32-arm64-msvc" "1.0.0-rc.3"
    "@rolldown/binding-win32-x64-msvc" "1.0.0-rc.3"

semver@^7.7.3:
  version "7.7.4"
  resolved "https://registry.yarnpkg.com/semver/-/semver-7.7.4.tgz#28464e36060e991fa7a11d0279d2d3f3b57a7e8a"
  integrity sha512-vFKC2IEtQnVhpT78h1Yp8wzwrf8CM+MzKMHGJZfBtzhZNycRFnXsHk6E5TxIkkMsgNS7mdX3AGB7x2QM2di4lA==

tinyexec@^1.0.2:
  version "1.0.2"
  resolved "https://registry.yarnpkg.com/tinyexec/-/tinyexec-1.0.2.tgz#bdd2737fe2ba40bd6f918ae26642f264b99ca251"
  integrity sha512-W/KYk+NFhkmsYpuHq5JykngiOCnxeVL8v8dFnqxSD8qEEdRfXk1SDM6JzNqcERbcGYj9tMrDQBYV9cjgnunFIg==

tinyglobby@^0.2.15:
  version "0.2.15"
  resolved "https://registry.yarnpkg.com/tinyglobby/-/tinyglobby-0.2.15.tgz#e228dd1e638cea993d2fdb4fcd2d4602a79951c2"
  integrity sha512-j2Zq4NyQYG5XMST4cbs02Ak8iJUdxRM0XI5QyxXuZOzKOINmWurp3smXu3y5wDcJrptwpSjgXHzIQxR0omXljQ==
  dependencies:
    fdir "^6.5.0"
    picomatch "^4.0.3"

tinypool@2.1.0:
  version "2.1.0"
  resolved "https://registry.yarnpkg.com/tinypool/-/tinypool-2.1.0.tgz#303a671d6ef68d03c9512cdc9a47c86b8a85f20c"
  integrity sha512-Pugqs6M0m7Lv1I7FtxN4aoyToKg1C4tu+/381vH35y8oENM/Ai7f7C4StcoK4/+BSw9ebcS8jRiVrORFKCALLw==

tree-kill@^1.2.2:
  version "1.2.2"
  resolved "https://registry.yarnpkg.com/tree-kill/-/tree-kill-1.2.2.tgz#4ca09a9092c88b73a7cdc5e8a01b507b0790a0cc"
  integrity sha512-L0Orpi8qGpRG//Nd+H90vFB+3iHnue1zSSGmNOOCh1GLJ7rUKVwV2HvijphGQS2UmhUZewS9VgvxYIdgr+fG1A==

tsdown@^0.20.3:
  version "0.20.3"
  resolved "https://registry.yarnpkg.com/tsdown/-/tsdown-0.20.3.tgz#8842575f40498e84281b1ec75e05acfbd8686a24"
  integrity sha512-qWOUXSbe4jN8JZEgrkc/uhJpC8VN2QpNu3eZkBWwNuTEjc/Ik1kcc54ycfcQ5QPRHeu9OQXaLfCI3o7pEJgB2w==
  dependencies:
    ansis "^4.2.0"
    cac "^6.7.14"
    defu "^6.1.4"
    empathic "^2.0.0"
    hookable "^6.0.1"
    import-without-cache "^0.2.5"
    obug "^2.1.1"
    picomatch "^4.0.3"
    rolldown "1.0.0-rc.3"
    rolldown-plugin-dts "^0.22.1"
    semver "^7.7.3"
    tinyexec "^1.0.2"
    tinyglobby "^0.2.15"
    tree-kill "^1.2.2"
    unconfig-core "^7.4.2"
    unrun "^0.2.27"

tslib@^2.4.0:
  version "2.8.1"
  resolved "https://registry.yarnpkg.com/tslib/-/tslib-2.8.1.tgz#612efe4ed235d567e8aba5f2a5fab70280ade83f"
  integrity sha512-oJFu94HQb+KVduSUQL7wnpmqnfmLsOA/nAh6b6EH0wCEoK0/mPeXU6c3wKDV83MkOuHPRHtSXKKU99IBazS/2w==

tsx@^4.21.0:
  version "4.21.0"
  resolved "https://registry.yarnpkg.com/tsx/-/tsx-4.21.0.tgz#32aa6cf17481e336f756195e6fe04dae3e6308b1"
  integrity sha512-5C1sg4USs1lfG0GFb2RLXsdpXqBSEhAaA/0kPL01wxzpMqLILNxIxIOKiILz+cdg/pLnOUxFYOR5yhHU666wbw==
  dependencies:
    esbuild "~0.27.0"
    get-tsconfig "^4.7.5"
  optionalDependencies:
    fsevents "~2.3.3"

typescript@^5.9.3:
  version "5.9.3"
  resolved "https://registry.yarnpkg.com/typescript/-/typescript-5.9.3.tgz#5b4f59e15310ab17a216f5d6cf53ee476ede670f"
  integrity sha512-jl1vZzPDinLr9eUt3J/t7V6FgNEw9QjvBPdysz9KfQDD41fQrC2Y4vKQdiaUpFT4bXlb1RHhLpp8wtm6M5TgSw==

unconfig-core@^7.4.2:
  version "7.4.2"
  resolved "https://registry.yarnpkg.com/unconfig-core/-/unconfig-core-7.4.2.tgz#20b676d6b57a04bade4b96da65c783d25e8b286c"
  integrity sha512-VgPCvLWugINbXvMQDf8Jh0mlbvNjNC6eSUziHsBCMpxR05OPrNrvDnyatdMjRgcHaaNsCqz+wjNXxNw1kRLHUg==
  dependencies:
    "@quansync/fs" "^1.0.0"
    quansync "^1.0.0"

undici-types@~7.16.0:
  version "7.16.0"
  resolved "https://registry.yarnpkg.com/undici-types/-/undici-types-7.16.0.tgz#ffccdff36aea4884cbfce9a750a0580224f58a46"
  integrity sha512-Zz+aZWSj8LE6zoxD+xrjh4VfkIG8Ya6LvYkZqtUQGJPZjYl53ypCaUwWqo7eI0x66KBGeRo+mlBEkMSeSZ38Nw==

unrun@^0.2.27:
  version "0.2.27"
  resolved "https://registry.yarnpkg.com/unrun/-/unrun-0.2.27.tgz#b9b5a676879d3533abc3922b9ef47699e2da3acd"
  integrity sha512-Mmur1UJpIbfxasLOhPRvox/QS4xBiDii71hMP7smfRthGcwFL2OAmYRgduLANOAU4LUkvVamuP+02U+c90jlrw==
  dependencies:
    rolldown "1.0.0-rc.3"
